
Microsoft Visual Studio Solution File, Format Version 12.00
# Visual Studio Version 17
VisualStudioVersion = 17.13.35931.197 d17.13
MinimumVisualStudioVersion = 10.0.40219.1
Project("{FAE04EC0-301F-11D3-BF4B-00C04F79EFBC}") = "SkillMatch", "SkillMatch.csproj", "{0D39FB13-828A-40CC-BDA3-214BA2E8A474}"
EndProject
Global
	GlobalSection(SolutionConfigurationPlatforms) = preSolution
		Debug|Any CPU = Debug|Any CPU
		Release|Any CPU = Release|Any CPU
	EndGlobalSection
	GlobalSection(ProjectConfigurationPlatforms) = postSolution
		{0D39FB13-828A-40CC-BDA3-214BA2E8A474}.Debug|Any CPU.ActiveCfg = Debug|Any CPU
		{0D39FB13-828A-40CC-BDA3-214BA2E8A474}.Debug|Any CPU.Build.0 = Debug|Any CPU
		{0D39FB13-828A-40CC-BDA3-214BA2E8A474}.Release|Any CPU.ActiveCfg = Release|Any CPU
		{0D39FB13-828A-40CC-BDA3-214BA2E8A474}.Release|Any CPU.Build.0 = Release|Any CPU
	EndGlobalSection
	GlobalSection(SolutionProperties) = preSolution
		HideSolutionNode = FALSE
	EndGlobalSection
	GlobalSection(ExtensibilityGlobals) = postSolution
		SolutionGuid = {F2584065-A788-4D32-82C2-BA264A01D0F6}
	EndGlobalSection
EndGlobal
